# This is a Gradle generated file for dependency locking.
# Manual edits can break the build and are not advised.
# This file is expected to be part of source control.
com.fasterxml.jackson.core:jackson-annotations:2.10.2
com.fasterxml.jackson.core:jackson-core:2.10.2
com.fasterxml.jackson.core:jackson-databind:2.10.2
com.fasterxml.jackson.dataformat:jackson-dataformat-yaml:2.4.5
com.fasterxml.jackson.datatype:jackson-datatype-joda:2.4.5
com.github.kittinunf.fuel:fuel-coroutines:2.2.1
com.github.kittinunf.fuel:fuel-moshi:2.2.1
com.github.kittinunf.fuel:fuel:2.2.1
com.github.kittinunf.result:result:2.2.0
com.github.luben:zstd-jni:1.4.3-1
com.github.navikt.dp-biblioteker:ktor-utils:2021.02.19-08.21.87bd1082f665
com.google.guava:guava:18.0
com.natpryce:konfig:1.6.10.0
com.squareup.moshi:moshi-adapters:1.9.2
com.squareup.moshi:moshi-kotlin:1.9.2
com.squareup.moshi:moshi:1.9.2
com.squareup.okio:okio:1.16.0
com.vlkan.log4j2:log4j2-logstash-layout:1.0.5
de.huxhorn.sulky:de.huxhorn.sulky.ulid:8.2.0
io.confluent:common-config:5.4.0
io.confluent:common-utils:5.4.0
io.confluent:kafka-avro-serializer:5.4.0
io.confluent:kafka-schema-registry-client:5.4.0
io.confluent:kafka-streams-avro-serde:5.4.0
io.github.microutils:kotlin-logging-metadata:2.0.4
io.github.microutils:kotlin-logging:2.0.4
io.ktor:ktor-auth-kotlinMultiplatform:1.5.1
io.ktor:ktor-auth:1.5.1
io.ktor:ktor-metrics-micrometer-kotlinMultiplatform:1.5.1
io.ktor:ktor-metrics-micrometer:1.5.1
io.ktor:ktor-server-core-kotlinMultiplatform:1.5.1
io.ktor:ktor-server-netty-kotlinMultiplatform:1.5.1
io.ktor:ktor-server-netty:1.5.1
io.micrometer:micrometer-core:1.4.0
io.micrometer:micrometer-registry-prometheus:1.4.0
io.prometheus:simpleclient:0.8.1
io.prometheus:simpleclient_common:0.8.1
io.prometheus:simpleclient_hotspot:0.8.1
io.prometheus:simpleclient_log4j2:0.8.1
io.swagger:swagger-annotations:1.5.22
io.swagger:swagger-core:1.5.3
io.swagger:swagger-models:1.5.3
joda-time:joda-time:2.2
org.apache.avro:avro:1.9.2
org.apache.commons:commons-compress:1.19
org.apache.commons:commons-lang3:3.11
org.apache.kafka:kafka-clients:5.4.0-ccs
org.apache.logging.log4j:log4j-api:2.14.0
org.apache.logging.log4j:log4j-core:2.14.0
org.apache.logging.log4j:log4j-slf4j-impl:2.14.0
org.hdrhistogram:HdrHistogram:2.1.12
org.jetbrains.kotlin:kotlin-reflect:1.4.30
org.jetbrains.kotlin:kotlin-stdlib-common:1.4.30
org.jetbrains.kotlin:kotlin-stdlib-jdk7:1.4.30
org.jetbrains.kotlin:kotlin-stdlib-jdk8:1.4.30
org.jetbrains.kotlin:kotlin-stdlib:1.4.30
org.jetbrains.kotlinx:kotlinx-coroutines-core:1.2.1
org.jetbrains:annotations:13.0
org.lz4:lz4-java:1.6.0
org.slf4j:slf4j-api:1.7.28
org.xerial.snappy:snappy-java:1.1.7.3
org.yaml:snakeyaml:1.12
